
Microsoft Visual Studio Solution File, Format Version 12.00
# Visual Studio 15
Project("{FAE04EC0-301F-11D3-BF4B-00C04F79EFBC}") = "Assembly-CSharp", "Assembly-CSharp.csproj", "{BBCD5870-9767-FED7-452B-A0540183D7B9}"
EndProject
Project("{FAE04EC0-301F-11D3-BF4B-00C04F79EFBC}") = "Assembly-CSharp-Editor", "Assembly-CSharp-Editor.csproj", "{D57D8460-24D9-305A-FDB5-36D0AD4EF11D}"
EndProject
Global
	GlobalSection(SolutionConfigurationPlatforms) = preSolution
		Debug|Any CPU = Debug|Any CPU
		Release|Any CPU = Release|Any CPU
	EndGlobalSection
	GlobalSection(ProjectConfigurationPlatforms) = postSolution
		{BBCD5870-9767-FED7-452B-A0540183D7B9}.Debug|Any CPU.ActiveCfg = Debug|Any CPU
		{BBCD5870-9767-FED7-452B-A0540183D7B9}.Debug|Any CPU.Build.0 = Debug|Any CPU
		{BBCD5870-9767-FED7-452B-A0540183D7B9}.Release|Any CPU.ActiveCfg = Release|Any CPU
		{BBCD5870-9767-FED7-452B-A0540183D7B9}.Release|Any CPU.Build.0 = Release|Any CPU
		{D57D8460-24D9-305A-FDB5-36D0AD4EF11D}.Debug|Any CPU.ActiveCfg = Debug|Any CPU
		{D57D8460-24D9-305A-FDB5-36D0AD4EF11D}.Debug|Any CPU.Build.0 = Debug|Any CPU
		{D57D8460-24D9-305A-FDB5-36D0AD4EF11D}.Release|Any CPU.ActiveCfg = Release|Any CPU
		{D57D8460-24D9-305A-FDB5-36D0AD4EF11D}.Release|Any CPU.Build.0 = Release|Any CPU
	EndGlobalSection
	GlobalSection(SolutionProperties) = preSolution
		HideSolutionNode = FALSE
	EndGlobalSection
EndGlobal
